
Microsoft Visual Studio Solution File, Format Version 12.00
# Visual Studio 14
VisualStudioVersion = 14.0.25420.1
MinimumVisualStudioVersion = 10.0.40219.1
Project("{2150E333-8FDC-42A3-9474-1A3956D46DE8}") = "src", "src", "{86FE9602-A01D-4314-BF5A-7C5A47610480}"
EndProject
Project("{2150E333-8FDC-42A3-9474-1A3956D46DE8}") = "Solution Items", "Solution Items", "{619F4D0E-017E-4921-9993-482D65ABEB08}"
	ProjectSection(SolutionItems) = preProject
		global.json = global.json
	EndProjectSection
EndProject
Project("{8BB2217D-0F2D-49D1-97BC-3654ED321F3B}") = "ReactDemo", "src\ReactDemo\ReactDemo.xproj", "{0CCBE913-BEE9-4E48-8716-5C8AA323DD0E}"
EndProject
Global
	GlobalSection(SolutionConfigurationPlatforms) = preSolution
		Debug|Any CPU = Debug|Any CPU
		Release|Any CPU = Release|Any CPU
	EndGlobalSection
	GlobalSection(ProjectConfigurationPlatforms) = postSolution
		{0CCBE913-BEE9-4E48-8716-5C8AA323DD0E}.Debug|Any CPU.ActiveCfg = Debug|Any CPU
		{0CCBE913-BEE9-4E48-8716-5C8AA323DD0E}.Debug|Any CPU.Build.0 = Debug|Any CPU
		{0CCBE913-BEE9-4E48-8716-5C8AA323DD0E}.Release|Any CPU.ActiveCfg = Release|Any CPU
		{0CCBE913-BEE9-4E48-8716-5C8AA323DD0E}.Release|Any CPU.Build.0 = Release|Any CPU
	EndGlobalSection
	GlobalSection(SolutionProperties) = preSolution
		HideSolutionNode = FALSE
	EndGlobalSection
	GlobalSection(NestedProjects) = preSolution
		{0CCBE913-BEE9-4E48-8716-5C8AA323DD0E} = {86FE9602-A01D-4314-BF5A-7C5A47610480}
	EndGlobalSection
EndGlobal
